// !$*UTF8*$!
{
	archiveVersion = 1;
	classes = {
	};
	objectVersion = 56;
	objects = {

/* Begin PBXBuildFile section */
		0A49CAAB2B81AF44006ED367 /* Safe_ChoiceApp.swift in Sources */ = {isa = PBXBuildFile; fileRef = 0A49CAAA2B81AF44006ED367 /* Safe_ChoiceApp.swift */; };
		0A49CAAD2B81AF44006ED367 /* ContentView.swift in Sources */ = {isa = PBXBuildFile; fileRef = 0A49CAAC2B81AF44006ED367 /* ContentView.swift */; };
		0A49CAAF2B81AF47006ED367 /* Assets.xcassets in Resources */ = {isa = PBXBuildFile; fileRef = 0A49CAAE2B81AF47006ED367 /* Assets.xcassets */; };
		0A49CAB22B81AF47006ED367 /* Preview Assets.xcassets in Resources */ = {isa = PBXBuildFile; fileRef = 0A49CAB12B81AF47006ED367 /* Preview Assets.xcassets */; };
		0A7180E62B81B2220094CA96 /* LocationsDataService.swift in Sources */ = {isa = PBXBuildFile; fileRef = 0A7180E52B81B2220094CA96 /* LocationsDataService.swift */; };
		0A7180EB2B81B2BD0094CA96 /* LocationView.swift in Sources */ = {isa = PBXBuildFile; fileRef = 0A7180EA2B81B2BD0094CA96 /* LocationView.swift */; };
		0A7180ED2B81B2E60094CA96 /* LocationsListView.swift in Sources */ = {isa = PBXBuildFile; fileRef = 0A7180EC2B81B2E50094CA96 /* LocationsListView.swift */; };
		0A7180EF2B81B3160094CA96 /* LocationPreviewView.swift in Sources */ = {isa = PBXBuildFile; fileRef = 0A7180EE2B81B3160094CA96 /* LocationPreviewView.swift */; };
		0A7180F12B81B3E60094CA96 /* LocationMapAnnotationView.swift in Sources */ = {isa = PBXBuildFile; fileRef = 0A7180F02B81B3E60094CA96 /* LocationMapAnnotationView.swift */; };
		0A7180F32B81B40B0094CA96 /* LocationDetailView.swift in Sources */ = {isa = PBXBuildFile; fileRef = 0A7180F22B81B40B0094CA96 /* LocationDetailView.swift */; };
		0A7180F72B81B4D30094CA96 /* LocationsViewModel.swift in Sources */ = {isa = PBXBuildFile; fileRef = 0A7180F62B81B4D30094CA96 /* LocationsViewModel.swift */; };
		0A7180FA2B81B5040094CA96 /* Location.swift in Sources */ = {isa = PBXBuildFile; fileRef = 0A7180F92B81B5040094CA96 /* Location.swift */; };
		0A7180FD2B81B8020094CA96 /* Info.plist in Resources */ = {isa = PBXBuildFile; fileRef = 0A7180FF2B81B8020094CA96 /* Info.plist */; };
/* End PBXBuildFile section */

/* Begin PBXFileReference section */
		0A49CAA72B81AF44006ED367 /* Safe Choice.app */ = {isa = PBXFileReference; explicitFileType = wrapper.application; includeInIndex = 0; path = "Safe Choice.app"; sourceTree = BUILT_PRODUCTS_DIR; };
		0A49CAAA2B81AF44006ED367 /* Safe_ChoiceApp.swift */ = {isa = PBXFileReference; lastKnownFileType = sourcecode.swift; path = Safe_ChoiceApp.swift; sourceTree = "<group>"; };
		0A49CAAC2B81AF44006ED367 /* ContentView.swift */ = {isa = PBXFileReference; lastKnownFileType = sourcecode.swift; path = ContentView.swift; sourceTree = "<group>"; };
		0A49CAAE2B81AF47006ED367 /* Assets.xcassets */ = {isa = PBXFileReference; lastKnownFileType = folder.assetcatalog; path = Assets.xcassets; sourceTree = "<group>"; };
		0A49CAB12B81AF47006ED367 /* Preview Assets.xcassets */ = {isa = PBXFileReference; lastKnownFileType = folder.assetcatalog; path = "Preview Assets.xcassets"; sourceTree = "<group>"; };
		0A7180E52B81B2220094CA96 /* LocationsDataService.swift */ = {isa = PBXFileReference; lastKnownFileType = sourcecode.swift; path = LocationsDataService.swift; sourceTree = "<group>"; };
		0A7180EA2B81B2BD0094CA96 /* LocationView.swift */ = {isa = PBXFileReference; lastKnownFileType = sourcecode.swift; path = LocationView.swift; sourceTree = "<group>"; };
		0A7180EC2B81B2E50094CA96 /* LocationsListView.swift */ = {isa = PBXFileReference; lastKnownFileType = sourcecode.swift; path = LocationsListView.swift; sourceTree = "<group>"; };
		0A7180EE2B81B3160094CA96 /* LocationPreviewView.swift */ = {isa = PBXFileReference; lastKnownFileType = sourcecode.swift; path = LocationPreviewView.swift; sourceTree = "<group>"; };
		0A7180F02B81B3E60094CA96 /* LocationMapAnnotationView.swift */ = {isa = PBXFileReference; lastKnownFileType = sourcecode.swift; path = LocationMapAnnotationView.swift; sourceTree = "<group>"; };
		0A7180F22B81B40B0094CA96 /* LocationDetailView.swift */ = {isa = PBXFileReference; lastKnownFileType = sourcecode.swift; path = LocationDetailView.swift; sourceTree = "<group>"; };
		0A7180F62B81B4D30094CA96 /* LocationsViewModel.swift */ = {isa = PBXFileReference; lastKnownFileType = sourcecode.swift; path = LocationsViewModel.swift; sourceTree = "<group>"; };
		0A7180F92B81B5040094CA96 /* Location.swift */ = {isa = PBXFileReference; lastKnownFileType = sourcecode.swift; path = Location.swift; sourceTree = "<group>"; };
		0A7180FE2B81B8020094CA96 /* Base */ = {isa = PBXFileReference; lastKnownFileType = text.plist.xml; name = Base; path = Base.lproj/Info.plist; sourceTree = "<group>"; };
		0A7181002B81B80B0094CA96 /* en */ = {isa = PBXFileReference; lastKnownFileType = text.plist.xml; name = en; path = en.lproj/Info.plist; sourceTree = "<group>"; };
/* End PBXFileReference section */

/* Begin PBXFrameworksBuildPhase section */
		0A49CAA42B81AF44006ED367 /* Frameworks */ = {
			isa = PBXFrameworksBuildPhase;
			buildActionMask = 2147483647;
			files = (
			);
			runOnlyForDeploymentPostprocessing = 0;
		};
/* End PBXFrameworksBuildPhase section */

/* Begin PBXGroup section */
		0A49CA9E2B81AF44006ED367 = {
			isa = PBXGroup;
			children = (
				0A7180FF2B81B8020094CA96 /* Info.plist */,
				0A49CAA92B81AF44006ED367 /* Safe Choice */,
				0A49CAA82B81AF44006ED367 /* Products */,
			);
			sourceTree = "<group>";
		};
		0A49CAA82B81AF44006ED367 /* Products */ = {
			isa = PBXGroup;
			children = (
				0A49CAA72B81AF44006ED367 /* Safe Choice.app */,
			);
			name = Products;
			sourceTree = "<group>";
		};
		0A49CAA92B81AF44006ED367 /* Safe Choice */ = {
			isa = PBXGroup;
			children = (
				0A49CAAA2B81AF44006ED367 /* Safe_ChoiceApp.swift */,
				0A49CAAC2B81AF44006ED367 /* ContentView.swift */,
				0A7180E72B81B2490094CA96 /* Data Service */,
				0A49CAAE2B81AF47006ED367 /* Assets.xcassets */,
				0A49CAB02B81AF47006ED367 /* Preview Content */,
			);
			path = "Safe Choice";
			sourceTree = "<group>";
		};
		0A49CAB02B81AF47006ED367 /* Preview Content */ = {
			isa = PBXGroup;
			children = (
				0A49CAB12B81AF47006ED367 /* Preview Assets.xcassets */,
			);
			path = "Preview Content";
			sourceTree = "<group>";
		};
		0A7180E72B81B2490094CA96 /* Data Service */ = {
			isa = PBXGroup;
			children = (
				0A7180E52B81B2220094CA96 /* LocationsDataService.swift */,
				0A7180E92B81B2980094CA96 /* Views */,
				0A7180F52B81B4770094CA96 /* View Model */,
				0A7180F82B81B4EE0094CA96 /* Model */,
			);
			path = "Data Service";
			sourceTree = "<group>";
		};
		0A7180E92B81B2980094CA96 /* Views */ = {
			isa = PBXGroup;
			children = (
				0A7180EA2B81B2BD0094CA96 /* LocationView.swift */,
				0A7180EC2B81B2E50094CA96 /* LocationsListView.swift */,
				0A7180EE2B81B3160094CA96 /* LocationPreviewView.swift */,
				0A7180F02B81B3E60094CA96 /* LocationMapAnnotationView.swift */,
				0A7180F22B81B40B0094CA96 /* LocationDetailView.swift */,
			);
			path = Views;
			sourceTree = "<group>";
		};
		0A7180F52B81B4770094CA96 /* View Model */ = {
			isa = PBXGroup;
			children = (
				0A7180F62B81B4D30094CA96 /* LocationsViewModel.swift */,
			);
			path = "View Model";
			sourceTree = "<group>";
		};
		0A7180F82B81B4EE0094CA96 /* Model */ = {
			isa = PBXGroup;
			children = (
				0A7180F92B81B5040094CA96 /* Location.swift */,
			);
			path = Model;
			sourceTree = "<group>";
		};
/* End PBXGroup section */

/* Begin PBXNativeTarget section */
		0A49CAA62B81AF44006ED367 /* Safe Choice */ = {
			isa = PBXNativeTarget;
			buildConfigurationList = 0A49CAB52B81AF47006ED367 /* Build configuration list for PBXNativeTarget "Safe Choice" */;
			buildPhases = (
				0A49CAA32B81AF44006ED367 /* Sources */,
				0A49CAA42B81AF44006ED367 /* Frameworks */,
				0A49CAA52B81AF44006ED367 /* Resources */,
			);
			buildRules = (
			);
			dependencies = (
			);
			name = "Safe Choice";
			productName = "Safe Choice";
			productReference = 0A49CAA72B81AF44006ED367 /* Safe Choice.app */;
			productType = "com.apple.product-type.application";
		};
/* End PBXNativeTarget section */

/* Begin PBXProject section */
		0A49CA9F2B81AF44006ED367 /* Project object */ = {
			isa = PBXProject;
			attributes = {
				BuildIndependentTargetsInParallel = 1;
				LastSwiftUpdateCheck = 1500;
				LastUpgradeCheck = 1500;
				TargetAttributes = {
					0A49CAA62B81AF44006ED367 = {
						CreatedOnToolsVersion = 15.0.1;
					};
				};
			};
			buildConfigurationList = 0A49CAA22B81AF44006ED367 /* Build configuration list for PBXProject "Safe Choice" */;
			compatibilityVersion = "Xcode 14.0";
			developmentRegion = en;
			hasScannedForEncodings = 0;
			knownRegions = (
				en,
				Base,
			);
			mainGroup = 0A49CA9E2B81AF44006ED367;
			productRefGroup = 0A49CAA82B81AF44006ED367 /* Products */;
			projectDirPath = "";
			projectRoot = "";
			targets = (
				0A49CAA62B81AF44006ED367 /* Safe Choice */,
			);
		};
/* End PBXProject section */

/* Begin PBXResourcesBuildPhase section */
		0A49CAA52B81AF44006ED367 /* Resources */ = {
			isa = PBXResourcesBuildPhase;
			buildActionMask = 2147483647;
			files = (
				0A49CAB22B81AF47006ED367 /* Preview Assets.xcassets in Resources */,
				0A49CAAF2B81AF47006ED367 /* Assets.xcassets in Resources */,
				0A7180FD2B81B8020094CA96 /* Info.plist in Resources */,
			);
			runOnlyForDeploymentPostprocessing = 0;
		};
/* End PBXResourcesBuildPhase section */

/* Begin PBXSourcesBuildPhase section */
		0A49CAA32B81AF44006ED367 /* Sources */ = {
			isa = PBXSourcesBuildPhase;
			buildActionMask = 2147483647;
			files = (
				0A7180ED2B81B2E60094CA96 /* LocationsListView.swift in Sources */,
				0A7180F12B81B3E60094CA96 /* LocationMapAnnotationView.swift in Sources */,
				0A7180FA2B81B5040094CA96 /* Location.swift in Sources */,
				0A7180F32B81B40B0094CA96 /* LocationDetailView.swift in Sources */,
				0A49CAAD2B81AF44006ED367 /* ContentView.swift in Sources */,
				0A7180F72B81B4D30094CA96 /* LocationsViewModel.swift in Sources */,
				0A7180EB2B81B2BD0094CA96 /* LocationView.swift in Sources */,
				0A49CAAB2B81AF44006ED367 /* Safe_ChoiceApp.swift in Sources */,
				0A7180EF2B81B3160094CA96 /* LocationPreviewView.swift in Sources */,
				0A7180E62B81B2220094CA96 /* LocationsDataService.swift in Sources */,
			);
			runOnlyForDeploymentPostprocessing = 0;
		};
/* End PBXSourcesBuildPhase section */

/* Begin PBXVariantGroup section */
		0A7180FF2B81B8020094CA96 /* Info.plist */ = {
			isa = PBXVariantGroup;
			children = (
				0A7180FE2B81B8020094CA96 /* Base */,
				0A7181002B81B80B0094CA96 /* en */,
			);
			name = Info.plist;
			path = "../../Library/CloudStorage/OneDrive-Personal/cam/code/AbortMissionApp/AbortMissionApp";
			sourceTree = "<group>";
		};
/* End PBXVariantGroup section */

/* Begin XCBuildConfiguration section */
		0A49CAB32B81AF47006ED367 /* Debug */ = {
			isa = XCBuildConfiguration;
			buildSettings = {
				ALWAYS_SEARCH_USER_PATHS = NO;
				ASSETCATALOG_COMPILER_GENERATE_SWIFT_ASSET_SYMBOL_EXTENSIONS = YES;
				CLANG_ANALYZER_NONNULL = YES;
				CLANG_ANALYZER_NUMBER_OBJECT_CONVERSION = YES_AGGRESSIVE;
				CLANG_CXX_LANGUAGE_STANDARD = "gnu++20";
				CLANG_ENABLE_MODULES = YES;
				CLANG_ENABLE_OBJC_ARC = YES;
				CLANG_ENABLE_OBJC_WEAK = YES;
				CLANG_WARN_BLOCK_CAPTURE_AUTORELEASING = YES;
				CLANG_WARN_BOOL_CONVERSION = YES;
				CLANG_WARN_COMMA = YES;
				CLANG_WARN_CONSTANT_CONVERSION = YES;
				CLANG_WARN_DEPRECATED_OBJC_IMPLEMENTATIONS = YES;
				CLANG_WARN_DIRECT_OBJC_ISA_USAGE = YES_ERROR;
				CLANG_WARN_DOCUMENTATION_COMMENTS = YES;
				CLANG_WARN_EMPTY_BODY = YES;
				CLANG_WARN_ENUM_CONVERSION = YES;
				CLANG_WARN_INFINITE_RECURSION = YES;
				CLANG_WARN_INT_CONVERSION = YES;
				CLANG_WARN_NON_LITERAL_NULL_CONVERSION = YES;
				CLANG_WARN_OBJC_IMPLICIT_RETAIN_SELF = YES;
				CLANG_WARN_OBJC_LITERAL_CONVERSION = YES;
				CLANG_WARN_OBJC_ROOT_CLASS = YES_ERROR;
				CLANG_WARN_QUOTED_INCLUDE_IN_FRAMEWORK_HEADER = YES;
				CLANG_WARN_RANGE_LOOP_ANALYSIS = YES;
				CLANG_WARN_STRICT_PROTOTYPES = YES;
				CLANG_WARN_SUSPICIOUS_MOVE = YES;
				CLANG_WARN_UNGUARDED_AVAILABILITY = YES_AGGRESSIVE;
				CLANG_WARN_UNREACHABLE_CODE = YES;
				CLANG_WARN__DUPLICATE_METHOD_MATCH = YES;
				COPY_PHASE_STRIP = NO;
				DEBUG_INFORMATION_FORMAT = dwarf;
				ENABLE_STRICT_OBJC_MSGSEND = YES;
				ENABLE_TESTABILITY = YES;
				ENABLE_USER_SCRIPT_SANDBOXING = YES;
				GCC_C_LANGUAGE_STANDARD = gnu17;
				GCC_DYNAMIC_NO_PIC = NO;
				GCC_NO_COMMON_BLOCKS = YES;
				GCC_OPTIMIZATION_LEVEL = 0;
				GCC_PREPROCESSOR_DEFINITIONS = (
					"DEBUG=1",
					"$(inherited)",
				);
				GCC_WARN_64_TO_32_BIT_CONVERSION = YES;
				GCC_WARN_ABOUT_RETURN_TYPE = YES_ERROR;
				GCC_WARN_UNDECLARED_SELECTOR = YES;
				GCC_WARN_UNINITIALIZED_AUTOS = YES_AGGRESSIVE;
				GCC_WARN_UNUSED_FUNCTION = YES;
				GCC_WARN_UNUSED_VARIABLE = YES;
				IPHONEOS_DEPLOYMENT_TARGET = 17.0;
				LOCALIZATION_PREFERS_STRING_CATALOGS = YES;
				MTL_ENABLE_DEBUG_INFO = INCLUDE_SOURCE;
				MTL_FAST_MATH = YES;
				ONLY_ACTIVE_ARCH = YES;
				SDKROOT = iphoneos;
				SWIFT_ACTIVE_COMPILATION_CONDITIONS = "DEBUG $(inherited)";
				SWIFT_OPTIMIZATION_LEVEL = "-Onone";
			};
			name = Debug;
		};
		0A49CAB42B81AF47006ED367 /* Release */ = {
			isa = XCBuildConfiguration;
			buildSettings = {
				ALWAYS_SEARCH_USER_PATHS = NO;
				ASSETCATALOG_COMPILER_GENERATE_SWIFT_ASSET_SYMBOL_EXTENSIONS = YES;
				CLANG_ANALYZER_NONNULL = YES;
				CLANG_ANALYZER_NUMBER_OBJECT_CONVERSION = YES_AGGRESSIVE;
				CLANG_CXX_LANGUAGE_STANDARD = "gnu++20";
				CLANG_ENABLE_MODULES = YES;
				CLANG_ENABLE_OBJC_ARC = YES;
				CLANG_ENABLE_OBJC_WEAK = YES;
				CLANG_WARN_BLOCK_CAPTURE_AUTORELEASING = YES;
				CLANG_WARN_BOOL_CONVERSION = YES;
				CLANG_WARN_COMMA = YES;
				CLANG_WARN_CONSTANT_CONVERSION = YES;
				CLANG_WARN_DEPRECATED_OBJC_IMPLEMENTATIONS = YES;
				CLANG_WARN_DIRECT_OBJC_ISA_USAGE = YES_ERROR;
				CLANG_WARN_DOCUMENTATION_COMMENTS = YES;
				CLANG_WARN_EMPTY_BODY = YES;
				CLANG_WARN_ENUM_CONVERSION = YES;
				CLANG_WARN_INFINITE_RECURSION = YES;
				CLANG_WARN_INT_CONVERSION = YES;
				CLANG_WARN_NON_LITERAL_NULL_CONVERSION = YES;
				CLANG_WARN_OBJC_IMPLICIT_RETAIN_SELF = YES;
				CLANG_WARN_OBJC_LITERAL_CONVERSION = YES;
				CLANG_WARN_OBJC_ROOT_CLASS = YES_ERROR;
				CLANG_WARN_QUOTED_INCLUDE_IN_FRAMEWORK_HEADER = YES;
				CLANG_WARN_RANGE_LOOP_ANALYSIS = YES;
				CLANG_WARN_STRICT_PROTOTYPES = YES;
				CLANG_WARN_SUSPICIOUS_MOVE = YES;
				CLANG_WARN_UNGUARDED_AVAILABILITY = YES_AGGRESSIVE;
				CLANG_WARN_UNREACHABLE_CODE = YES;
				CLANG_WARN__DUPLICATE_METHOD_MATCH = YES;
				COPY_PHASE_STRIP = NO;
				DEBUG_INFORMATION_FORMAT = "dwarf-with-dsym";
				ENABLE_NS_ASSERTIONS = NO;
				ENABLE_STRICT_OBJC_MSGSEND = YES;
				ENABLE_USER_SCRIPT_SANDBOXING = YES;
				GCC_C_LANGUAGE_STANDARD = gnu17;
				GCC_NO_COMMON_BLOCKS = YES;
				GCC_WARN_64_TO_32_BIT_CONVERSION = YES;
				GCC_WARN_ABOUT_RETURN_TYPE = YES_ERROR;
				GCC_WARN_UNDECLARED_SELECTOR = YES;
				GCC_WARN_UNINITIALIZED_AUTOS = YES_AGGRESSIVE;
				GCC_WARN_UNUSED_FUNCTION = YES;
				GCC_WARN_UNUSED_VARIABLE = YES;
				IPHONEOS_DEPLOYMENT_TARGET = 17.0;
				LOCALIZATION_PREFERS_STRING_CATALOGS = YES;
				MTL_ENABLE_DEBUG_INFO = NO;
				MTL_FAST_MATH = YES;
				SDKROOT = iphoneos;
				SWIFT_COMPILATION_MODE = wholemodule;
				VALIDATE_PRODUCT = YES;
			};
			name = Release;
		};
		0A49CAB62B81AF47006ED367 /* Debug */ = {
			isa = XCBuildConfiguration;
			buildSettings = {
				ASSETCATALOG_COMPILER_APPICON_NAME = AppIcon;
				ASSETCATALOG_COMPILER_GLOBAL_ACCENT_COLOR_NAME = AccentColor;
				CODE_SIGN_STYLE = Automatic;
				CURRENT_PROJECT_VERSION = 1;
				DEVELOPMENT_ASSET_PATHS = "\"Safe Choice/Preview Content\"";
				DEVELOPMENT_TEAM = 3B6PGV59GN;
				ENABLE_PREVIEWS = YES;
				GENERATE_INFOPLIST_FILE = YES;
				INFOPLIST_KEY_UIApplicationSceneManifest_Generation = YES;
				INFOPLIST_KEY_UIApplicationSupportsIndirectInputEvents = YES;
				INFOPLIST_KEY_UILaunchScreen_Generation = YES;
				INFOPLIST_KEY_UISupportedInterfaceOrientations_iPad = "UIInterfaceOrientationPortrait UIInterfaceOrientationPortraitUpsideDown UIInterfaceOrientationLandscapeLeft UIInterfaceOrientationLandscapeRight";
				INFOPLIST_KEY_UISupportedInterfaceOrientations_iPhone = "UIInterfaceOrientationPortrait UIInterfaceOrientationLandscapeLeft UIInterfaceOrientationLandscapeRight";
				LD_RUNPATH_SEARCH_PATHS = (
					"$(inherited)",
					"@executable_path/Frameworks",
				);
				MARKETING_VERSION = 1.0;
				PRODUCT_BUNDLE_IDENTIFIER = "camTorres.Safe-Choice";
				PRODUCT_NAME = "$(TARGET_NAME)";
				SWIFT_EMIT_LOC_STRINGS = YES;
				SWIFT_VERSION = 5.0;
				TARGETED_DEVICE_FAMILY = "1,2";
			};
			name = Debug;
		};
		0A49CAB72B81AF47006ED367 /* Release */ = {
			isa = XCBuildConfiguration;
			buildSettings = {
				ASSETCATALOG_COMPILER_APPICON_NAME = AppIcon;
				ASSETCATALOG_COMPILER_GLOBAL_ACCENT_COLOR_NAME = AccentColor;
				CODE_SIGN_STYLE = Automatic;
				CURRENT_PROJECT_VERSION = 1;
				DEVELOPMENT_ASSET_PATHS = "\"Safe Choice/Preview Content\"";
				DEVELOPMENT_TEAM = 3B6PGV59GN;
				ENABLE_PREVIEWS = YES;
				GENERATE_INFOPLIST_FILE = YES;
				INFOPLIST_KEY_UIApplicationSceneManifest_Generation = YES;
				INFOPLIST_KEY_UIApplicationSupportsIndirectInputEvents = YES;
				INFOPLIST_KEY_UILaunchScreen_Generation = YES;
				INFOPLIST_KEY_UISupportedInterfaceOrientations_iPad = "UIInterfaceOrientationPortrait UIInterfaceOrientationPortraitUpsideDown UIInterfaceOrientationLandscapeLeft UIInterfaceOrientationLandscapeRight";
				INFOPLIST_KEY_UISupportedInterfaceOrientations_iPhone = "UIInterfaceOrientationPortrait UIInterfaceOrientationLandscapeLeft UIInterfaceOrientationLandscapeRight";
				LD_RUNPATH_SEARCH_PATHS = (
					"$(inherited)",
					"@executable_path/Frameworks",
				);
				MARKETING_VERSION = 1.0;
				PRODUCT_BUNDLE_IDENTIFIER = "camTorres.Safe-Choice";
				PRODUCT_NAME = "$(TARGET_NAME)";
				SWIFT_EMIT_LOC_STRINGS = YES;
				SWIFT_VERSION = 5.0;
				TARGETED_DEVICE_FAMILY = "1,2";
			};
			name = Release;
		};
/* End XCBuildConfiguration section */

/* Begin XCConfigurationList section */
		0A49CAA22B81AF44006ED367 /* Build configuration list for PBXProject "Safe Choice" */ = {
			isa = XCConfigurationList;
			buildConfigurations = (
				0A49CAB32B81AF47006ED367 /* Debug */,
				0A49CAB42B81AF47006ED367 /* Release */,
			);
			defaultConfigurationIsVisible = 0;
			defaultConfigurationName = Release;
		};
		0A49CAB52B81AF47006ED367 /* Build configuration list for PBXNativeTarget "Safe Choice" */ = {
			isa = XCConfigurationList;
			buildConfigurations = (
				0A49CAB62B81AF47006ED367 /* Debug */,
				0A49CAB72B81AF47006ED367 /* Release */,
			);
			defaultConfigurationIsVisible = 0;
			defaultConfigurationName = Release;
		};
/* End XCConfigurationList section */
	};
	rootObject = 0A49CA9F2B81AF44006ED367 /* Project object */;
}
